
Microsoft Visual Studio Solution File, Format Version 12.00
# Visual Studio Version 17
VisualStudioVersion = 17.4.33213.308
MinimumVisualStudioVersion = 10.0.40219.1
Project("{FAE04EC0-301F-11D3-BF4B-00C04F79EFBC}") = "test123", "test123\test123.csproj", "{0B5249F6-F9A4-4507-AB75-9EEA8EA19390}"
EndProject
Global
	GlobalSection(SolutionConfigurationPlatforms) = preSolution
		Debug|Any CPU = Debug|Any CPU
		Release|Any CPU = Release|Any CPU
	EndGlobalSection
	GlobalSection(ProjectConfigurationPlatforms) = postSolution
		{0B5249F6-F9A4-4507-AB75-9EEA8EA19390}.Debug|Any CPU.ActiveCfg = Debug|Any CPU
		{0B5249F6-F9A4-4507-AB75-9EEA8EA19390}.Debug|Any CPU.Build.0 = Debug|Any CPU
		{0B5249F6-F9A4-4507-AB75-9EEA8EA19390}.Release|Any CPU.ActiveCfg = Release|Any CPU
		{0B5249F6-F9A4-4507-AB75-9EEA8EA19390}.Release|Any CPU.Build.0 = Release|Any CPU
	EndGlobalSection
	GlobalSection(SolutionProperties) = preSolution
		HideSolutionNode = FALSE
	EndGlobalSection
	GlobalSection(ExtensibilityGlobals) = postSolution
		SolutionGuid = {FC961637-107B-4536-BD1B-A7FE03FD2184}
	EndGlobalSection
EndGlobal
