
Microsoft Visual Studio Solution File, Format Version 12.00
# Visual Studio Version 17
VisualStudioVersion = 17.3.32825.248
MinimumVisualStudioVersion = 10.0.40219.1
Project("{FAE04EC0-301F-11D3-BF4B-00C04F79EFBC}") = "SE3330Homework1", "SE3330Homework1\SE3330Homework1.csproj", "{C8967D14-1F52-4949-B725-6443B790CCE4}"
EndProject
Project("{FAE04EC0-301F-11D3-BF4B-00C04F79EFBC}") = "LLTest", "LLTest\LLTest.csproj", "{BF48220D-FC82-4A67-8547-D6CB2640BF1F}"
EndProject
Global
	GlobalSection(SolutionConfigurationPlatforms) = preSolution
		Debug|Any CPU = Debug|Any CPU
		Release|Any CPU = Release|Any CPU
	EndGlobalSection
	GlobalSection(ProjectConfigurationPlatforms) = postSolution
		{C8967D14-1F52-4949-B725-6443B790CCE4}.Debug|Any CPU.ActiveCfg = Debug|Any CPU
		{C8967D14-1F52-4949-B725-6443B790CCE4}.Debug|Any CPU.Build.0 = Debug|Any CPU
		{C8967D14-1F52-4949-B725-6443B790CCE4}.Release|Any CPU.ActiveCfg = Release|Any CPU
		{C8967D14-1F52-4949-B725-6443B790CCE4}.Release|Any CPU.Build.0 = Release|Any CPU
		{BF48220D-FC82-4A67-8547-D6CB2640BF1F}.Debug|Any CPU.ActiveCfg = Debug|Any CPU
		{BF48220D-FC82-4A67-8547-D6CB2640BF1F}.Debug|Any CPU.Build.0 = Debug|Any CPU
		{BF48220D-FC82-4A67-8547-D6CB2640BF1F}.Release|Any CPU.ActiveCfg = Release|Any CPU
		{BF48220D-FC82-4A67-8547-D6CB2640BF1F}.Release|Any CPU.Build.0 = Release|Any CPU
	EndGlobalSection
	GlobalSection(SolutionProperties) = preSolution
		HideSolutionNode = FALSE
	EndGlobalSection
	GlobalSection(ExtensibilityGlobals) = postSolution
		SolutionGuid = {196F06AF-AA37-43A1-976D-2762BD713E73}
	EndGlobalSection
EndGlobal
