
Microsoft Visual Studio Solution File, Format Version 12.00
# Visual Studio Version 17
VisualStudioVersion = 17.3.32825.248
MinimumVisualStudioVersion = 10.0.40219.1
Project("{FAE04EC0-301F-11D3-BF4B-00C04F79EFBC}") = "PVegas2K25ProTour", "PVegas2K25ProTour\PVegas2K25ProTour.csproj", "{2B432599-B613-4408-A519-418E7E3B5763}"
EndProject
Project("{FAE04EC0-301F-11D3-BF4B-00C04F79EFBC}") = "GameTest", "GameTest\GameTest.csproj", "{10CF0E88-AB21-489B-A3FB-E165C05C87AE}"
EndProject
Global
	GlobalSection(SolutionConfigurationPlatforms) = preSolution
		Debug|Any CPU = Debug|Any CPU
		Release|Any CPU = Release|Any CPU
	EndGlobalSection
	GlobalSection(ProjectConfigurationPlatforms) = postSolution
		{2B432599-B613-4408-A519-418E7E3B5763}.Debug|Any CPU.ActiveCfg = Debug|Any CPU
		{2B432599-B613-4408-A519-418E7E3B5763}.Debug|Any CPU.Build.0 = Debug|Any CPU
		{2B432599-B613-4408-A519-418E7E3B5763}.Release|Any CPU.ActiveCfg = Release|Any CPU
		{2B432599-B613-4408-A519-418E7E3B5763}.Release|Any CPU.Build.0 = Release|Any CPU
		{10CF0E88-AB21-489B-A3FB-E165C05C87AE}.Debug|Any CPU.ActiveCfg = Debug|Any CPU
		{10CF0E88-AB21-489B-A3FB-E165C05C87AE}.Debug|Any CPU.Build.0 = Debug|Any CPU
		{10CF0E88-AB21-489B-A3FB-E165C05C87AE}.Release|Any CPU.ActiveCfg = Release|Any CPU
		{10CF0E88-AB21-489B-A3FB-E165C05C87AE}.Release|Any CPU.Build.0 = Release|Any CPU
	EndGlobalSection
	GlobalSection(SolutionProperties) = preSolution
		HideSolutionNode = FALSE
	EndGlobalSection
	GlobalSection(ExtensibilityGlobals) = postSolution
		SolutionGuid = {E840A266-1BFB-4171-B986-0DB1DB94EBC5}
	EndGlobalSection
EndGlobal
